
Microsoft Visual Studio Solution File, Format Version 12.00
# Visual Studio Version 17
VisualStudioVersion = 17.12.35514.174 d17.12
MinimumVisualStudioVersion = 10.0.40219.1
Project("{FAE04EC0-301F-11D3-BF4B-00C04F79EFBC}") = "StretchedForm", "StretchedForm\StretchedForm.csproj", "{4314C7BD-D020-4408-B37A-CBB2B7105808}"
EndProject
Global
	GlobalSection(SolutionConfigurationPlatforms) = preSolution
		Debug|Any CPU = Debug|Any CPU
		Release|Any CPU = Release|Any CPU
	EndGlobalSection
	GlobalSection(ProjectConfigurationPlatforms) = postSolution
		{4314C7BD-D020-4408-B37A-CBB2B7105808}.Debug|Any CPU.ActiveCfg = Debug|Any CPU
		{4314C7BD-D020-4408-B37A-CBB2B7105808}.Debug|Any CPU.Build.0 = Debug|Any CPU
		{4314C7BD-D020-4408-B37A-CBB2B7105808}.Release|Any CPU.ActiveCfg = Release|Any CPU
		{4314C7BD-D020-4408-B37A-CBB2B7105808}.Release|Any CPU.Build.0 = Release|Any CPU
	EndGlobalSection
	GlobalSection(SolutionProperties) = preSolution
		HideSolutionNode = FALSE
	EndGlobalSection
EndGlobal
