
Microsoft Visual Studio Solution File, Format Version 12.00
# Visual Studio Version 17
VisualStudioVersion = 17.12.35514.174 d17.12
MinimumVisualStudioVersion = 10.0.40219.1
Project("{FAE04EC0-301F-11D3-BF4B-00C04F79EFBC}") = "bible3", "bible3\bible3.csproj", "{B23EC652-918C-4ABA-B11C-42BADE4B4FD7}"
EndProject
Global
	GlobalSection(SolutionConfigurationPlatforms) = preSolution
		Debug|Any CPU = Debug|Any CPU
		Release|Any CPU = Release|Any CPU
	EndGlobalSection
	GlobalSection(ProjectConfigurationPlatforms) = postSolution
		{B23EC652-918C-4ABA-B11C-42BADE4B4FD7}.Debug|Any CPU.ActiveCfg = Debug|Any CPU
		{B23EC652-918C-4ABA-B11C-42BADE4B4FD7}.Debug|Any CPU.Build.0 = Debug|Any CPU
		{B23EC652-918C-4ABA-B11C-42BADE4B4FD7}.Release|Any CPU.ActiveCfg = Release|Any CPU
		{B23EC652-918C-4ABA-B11C-42BADE4B4FD7}.Release|Any CPU.Build.0 = Release|Any CPU
	EndGlobalSection
	GlobalSection(SolutionProperties) = preSolution
		HideSolutionNode = FALSE
	EndGlobalSection
EndGlobal
